
Microsoft Visual Studio Solution File, Format Version 12.00
# Visual Studio Version 17
VisualStudioVersion = 17.5.33502.453
MinimumVisualStudioVersion = 10.0.40219.1
Project("{FAE04EC0-301F-11D3-BF4B-00C04F79EFBC}") = "AppointmentApplication", "AppointmentApplication.csproj", "{76360E43-8BAF-4DCD-9246-9331DF3B77BD}"
EndProject
Global
	GlobalSection(SolutionConfigurationPlatforms) = preSolution
		Debug|Any CPU = Debug|Any CPU
		Release|Any CPU = Release|Any CPU
	EndGlobalSection
	GlobalSection(ProjectConfigurationPlatforms) = postSolution
		{76360E43-8BAF-4DCD-9246-9331DF3B77BD}.Debug|Any CPU.ActiveCfg = Debug|Any CPU
		{76360E43-8BAF-4DCD-9246-9331DF3B77BD}.Debug|Any CPU.Build.0 = Debug|Any CPU
		{76360E43-8BAF-4DCD-9246-9331DF3B77BD}.Release|Any CPU.ActiveCfg = Release|Any CPU
		{76360E43-8BAF-4DCD-9246-9331DF3B77BD}.Release|Any CPU.Build.0 = Release|Any CPU
	EndGlobalSection
	GlobalSection(SolutionProperties) = preSolution
		HideSolutionNode = FALSE
	EndGlobalSection
	GlobalSection(ExtensibilityGlobals) = postSolution
		SolutionGuid = {D2159C68-6530-4C82-837A-6ACBC6F937ED}
	EndGlobalSection
EndGlobal
